
Microsoft Visual Studio Solution File, Format Version 12.00
Project("{FAE04EC0-301F-11D3-BF4B-00C04F79EFBC}") = "ClientGetAllChats", "src\ClientGetAllChats\ClientGetAllChats.csproj", "{A8041A24-C7EE-4FA8-B924-77AD56225479}"
EndProject
Project("{2150E333-8FDC-42A3-9474-1A3956D46DE8}") = "test", "test", "{0C88DD14-F956-CE84-757C-A364CCF449FC}"
EndProject
Project("{FAE04EC0-301F-11D3-BF4B-00C04F79EFBC}") = "ClientGetAllChats.Tests", "test\ClientGetAllChats.Tests\ClientGetAllChats.Tests.csproj", "{12F7BF80-B66A-473E-A6B0-E439917FDB48}"
EndProject
Global
	GlobalSection(SolutionConfigurationPlatforms) = preSolution
		Debug|Any CPU = Debug|Any CPU
		Debug|x64 = Debug|x64
		Debug|x86 = Debug|x86
		Release|Any CPU = Release|Any CPU
		Release|x64 = Release|x64
		Release|x86 = Release|x86
	EndGlobalSection
	GlobalSection(ProjectConfigurationPlatforms) = postSolution
		{A8041A24-C7EE-4FA8-B924-77AD56225479}.Debug|Any CPU.ActiveCfg = Debug|Any CPU
		{A8041A24-C7EE-4FA8-B924-77AD56225479}.Debug|Any CPU.Build.0 = Debug|Any CPU
		{A8041A24-C7EE-4FA8-B924-77AD56225479}.Debug|x64.ActiveCfg = Debug|Any CPU
		{A8041A24-C7EE-4FA8-B924-77AD56225479}.Debug|x64.Build.0 = Debug|Any CPU
		{A8041A24-C7EE-4FA8-B924-77AD56225479}.Debug|x86.ActiveCfg = Debug|Any CPU
		{A8041A24-C7EE-4FA8-B924-77AD56225479}.Debug|x86.Build.0 = Debug|Any CPU
		{A8041A24-C7EE-4FA8-B924-77AD56225479}.Release|Any CPU.ActiveCfg = Release|Any CPU
		{A8041A24-C7EE-4FA8-B924-77AD56225479}.Release|Any CPU.Build.0 = Release|Any CPU
		{A8041A24-C7EE-4FA8-B924-77AD56225479}.Release|x64.ActiveCfg = Release|Any CPU
		{A8041A24-C7EE-4FA8-B924-77AD56225479}.Release|x64.Build.0 = Release|Any CPU
		{A8041A24-C7EE-4FA8-B924-77AD56225479}.Release|x86.ActiveCfg = Release|Any CPU
		{A8041A24-C7EE-4FA8-B924-77AD56225479}.Release|x86.Build.0 = Release|Any CPU
		{12F7BF80-B66A-473E-A6B0-E439917FDB48}.Debug|Any CPU.ActiveCfg = Debug|Any CPU
		{12F7BF80-B66A-473E-A6B0-E439917FDB48}.Debug|Any CPU.Build.0 = Debug|Any CPU
		{12F7BF80-B66A-473E-A6B0-E439917FDB48}.Debug|x64.ActiveCfg = Debug|Any CPU
		{12F7BF80-B66A-473E-A6B0-E439917FDB48}.Debug|x64.Build.0 = Debug|Any CPU
		{12F7BF80-B66A-473E-A6B0-E439917FDB48}.Debug|x86.ActiveCfg = Debug|Any CPU
		{12F7BF80-B66A-473E-A6B0-E439917FDB48}.Debug|x86.Build.0 = Debug|Any CPU
		{12F7BF80-B66A-473E-A6B0-E439917FDB48}.Release|Any CPU.ActiveCfg = Release|Any CPU
		{12F7BF80-B66A-473E-A6B0-E439917FDB48}.Release|Any CPU.Build.0 = Release|Any CPU
		{12F7BF80-B66A-473E-A6B0-E439917FDB48}.Release|x64.ActiveCfg = Release|Any CPU
		{12F7BF80-B66A-473E-A6B0-E439917FDB48}.Release|x64.Build.0 = Release|Any CPU
		{12F7BF80-B66A-473E-A6B0-E439917FDB48}.Release|x86.ActiveCfg = Release|Any CPU
		{12F7BF80-B66A-473E-A6B0-E439917FDB48}.Release|x86.Build.0 = Release|Any CPU
	EndGlobalSection
	GlobalSection(SolutionProperties) = preSolution
		HideSolutionNode = FALSE
	EndGlobalSection
	GlobalSection(NestedProjects) = preSolution
		{12F7BF80-B66A-473E-A6B0-E439917FDB48} = {0C88DD14-F956-CE84-757C-A364CCF449FC}
	EndGlobalSection
EndGlobal
